Microsoft Visual Studio Solution File, Format Version 11.00
# Visual Studio 2008

Project("{44A3BB18-5EC2-F949-A3B2-BC3054F809B0}") = "Tango Virtual Wayfinding", "Assembly-CSharp.csproj", "{BCE609A8-F11C-E438-4BC7-C35AF76DB212}"
EndProject
Project("{44A3BB18-5EC2-F949-A3B2-BC3054F809B0}") = "Tango Virtual Wayfinding", "Assembly-CSharp-Editor.csproj", "{30B3269D-7C72-94C0-B41E-0365E93C0C2A}"
EndProject
Global
	GlobalSection(SolutionConfigurationPlatforms) = preSolution
		Debug|Any CPU = Debug|Any CPU
		Release|Any CPU = Release|Any CPU
	EndGlobalSection
	GlobalSection(ProjectConfigurationPlatforms) = postSolution
		{BCE609A8-F11C-E438-4BC7-C35AF76DB212}.Debug|Any CPU.ActiveCfg = Debug|Any CPU
		{BCE609A8-F11C-E438-4BC7-C35AF76DB212}.Debug|Any CPU.Build.0 = Debug|Any CPU
		{BCE609A8-F11C-E438-4BC7-C35AF76DB212}.Release|Any CPU.ActiveCfg = Release|Any CPU
		{BCE609A8-F11C-E438-4BC7-C35AF76DB212}.Release|Any CPU.Build.0 = Release|Any CPU
		{30B3269D-7C72-94C0-B41E-0365E93C0C2A}.Debug|Any CPU.ActiveCfg = Debug|Any CPU
		{30B3269D-7C72-94C0-B41E-0365E93C0C2A}.Debug|Any CPU.Build.0 = Debug|Any CPU
		{30B3269D-7C72-94C0-B41E-0365E93C0C2A}.Release|Any CPU.ActiveCfg = Release|Any CPU
		{30B3269D-7C72-94C0-B41E-0365E93C0C2A}.Release|Any CPU.Build.0 = Release|Any CPU
	EndGlobalSection
	GlobalSection(SolutionProperties) = preSolution
		HideSolutionNode = FALSE
	EndGlobalSection
	GlobalSection(MonoDevelopProperties) = preSolution
		StartupItem = Assembly-CSharp.csproj
	EndGlobalSection
EndGlobal
